Microsoft Visual Studio Solution File, Format Version 12.00
# Visual Studio Version 17
VisualStudioVersion = 17.0.31903.59
MinimumVisualStudioVersion = 10.0.40219.1
Project("{FAE04EC0-301F-11D3-BF4B-00C04F79EFBC}") = "ScreenDemoRecorder.Core", "src\ScreenDemoRecorder.Core\ScreenDemoRecorder.Core.csproj", "{0C52C8EC-9364-4F30-8DA0-6E756F271F13}"
EndProject
Project("{FAE04EC0-301F-11D3-BF4B-00C04F79EFBC}") = "ScreenDemoRecorder", "src\ScreenDemoRecorder\ScreenDemoRecorder.csproj", "{D1BB75F9-E2D4-49B1-A57D-826D49D52B19}"
EndProject
Project("{FAE04EC0-301F-11D3-BF4B-00C04F79EFBC}") = "ScreenDemoRecorder.CoreChecks", "tests\ScreenDemoRecorder.CoreChecks\ScreenDemoRecorder.CoreChecks.csproj", "{FC9E98DC-4E13-4DAB-9A4B-BD36E20DF170}"
EndProject
Global
	GlobalSection(SolutionConfigurationPlatforms) = preSolution
		Debug|Any CPU = Debug|Any CPU
		Release|Any CPU = Release|Any CPU
	EndGlobalSection
	GlobalSection(ProjectConfigurationPlatforms) = postSolution
		{0C52C8EC-9364-4F30-8DA0-6E756F271F13}.Debug|Any CPU.ActiveCfg = Debug|Any CPU
		{0C52C8EC-9364-4F30-8DA0-6E756F271F13}.Debug|Any CPU.Build.0 = Debug|Any CPU
		{0C52C8EC-9364-4F30-8DA0-6E756F271F13}.Release|Any CPU.ActiveCfg = Release|Any CPU
		{0C52C8EC-9364-4F30-8DA0-6E756F271F13}.Release|Any CPU.Build.0 = Release|Any CPU
		{D1BB75F9-E2D4-49B1-A57D-826D49D52B19}.Debug|Any CPU.ActiveCfg = Debug|Any CPU
		{D1BB75F9-E2D4-49B1-A57D-826D49D52B19}.Debug|Any CPU.Build.0 = Debug|Any CPU
		{D1BB75F9-E2D4-49B1-A57D-826D49D52B19}.Release|Any CPU.ActiveCfg = Release|Any CPU
		{D1BB75F9-E2D4-49B1-A57D-826D49D52B19}.Release|Any CPU.Build.0 = Release|Any CPU
		{FC9E98DC-4E13-4DAB-9A4B-BD36E20DF170}.Debug|Any CPU.ActiveCfg = Debug|Any CPU
		{FC9E98DC-4E13-4DAB-9A4B-BD36E20DF170}.Debug|Any CPU.Build.0 = Debug|Any CPU
		{FC9E98DC-4E13-4DAB-9A4B-BD36E20DF170}.Release|Any CPU.ActiveCfg = Release|Any CPU
		{FC9E98DC-4E13-4DAB-9A4B-BD36E20DF170}.Release|Any CPU.Build.0 = Release|Any CPU
	EndGlobalSection
EndGlobal
